
Microsoft Visual Studio Solution File, Format Version 12.00
# Visual Studio Version 17
VisualStudioVersion = 17.13.35825.156
MinimumVisualStudioVersion = 10.0.40219.1
Project("{FAE04EC0-301F-11D3-BF4B-00C04F79EFBC}") = "Service", "Service\Service.csproj", "{40A5C1BA-EBDB-4EBC-960C-6780F369290B}"
EndProject
Project("{FAE04EC0-301F-11D3-BF4B-00C04F79EFBC}") = "DnsClient", "DnsClient\DnsClient.csproj", "{2B34E112-1EE6-4613-B095-6FF49559FE70}"
EndProject
Project("{FAE04EC0-301F-11D3-BF4B-00C04F79EFBC}") = "Helpers", "Helpers\Helpers.csproj", "{DF5C9CFC-8DDE-473B-98AA-83756671591C}"
EndProject
Global
	GlobalSection(SolutionConfigurationPlatforms) = preSolution
		Debug|Any CPU = Debug|Any CPU
		Release|Any CPU = Release|Any CPU
	EndGlobalSection
	GlobalSection(ProjectConfigurationPlatforms) = postSolution
		{40A5C1BA-EBDB-4EBC-960C-6780F369290B}.Debug|Any CPU.ActiveCfg = Debug|Any CPU
		{40A5C1BA-EBDB-4EBC-960C-6780F369290B}.Debug|Any CPU.Build.0 = Debug|Any CPU
		{40A5C1BA-EBDB-4EBC-960C-6780F369290B}.Release|Any CPU.ActiveCfg = Release|Any CPU
		{40A5C1BA-EBDB-4EBC-960C-6780F369290B}.Release|Any CPU.Build.0 = Release|Any CPU
		{2B34E112-1EE6-4613-B095-6FF49559FE70}.Debug|Any CPU.ActiveCfg = Debug|Any CPU
		{2B34E112-1EE6-4613-B095-6FF49559FE70}.Debug|Any CPU.Build.0 = Debug|Any CPU
		{2B34E112-1EE6-4613-B095-6FF49559FE70}.Release|Any CPU.ActiveCfg = Release|Any CPU
		{2B34E112-1EE6-4613-B095-6FF49559FE70}.Release|Any CPU.Build.0 = Release|Any CPU
		{DF5C9CFC-8DDE-473B-98AA-83756671591C}.Debug|Any CPU.ActiveCfg = Debug|Any CPU
		{DF5C9CFC-8DDE-473B-98AA-83756671591C}.Debug|Any CPU.Build.0 = Debug|Any CPU
		{DF5C9CFC-8DDE-473B-98AA-83756671591C}.Release|Any CPU.ActiveCfg = Release|Any CPU
		{DF5C9CFC-8DDE-473B-98AA-83756671591C}.Release|Any CPU.Build.0 = Release|Any CPU
	EndGlobalSection
	GlobalSection(SolutionProperties) = preSolution
		HideSolutionNode = FALSE
	EndGlobalSection
	GlobalSection(ExtensibilityGlobals) = postSolution
		SolutionGuid = {C5BFA458-0634-41DA-9F30-717EDD3A0671}
	EndGlobalSection
EndGlobal
